
Microsoft Visual Studio Solution File, Format Version 12.00
# Visual Studio 15
VisualStudioVersion = 15.0.28307.572
MinimumVisualStudioVersion = 10.0.40219.1
Project("{FAE04EC0-301F-11D3-BF4B-00C04F79EFBC}") = "32-Datetime", "32-Datetime\32-Datetime.csproj", "{40BB1977-A5CB-45E3-999E-66A754DCE89C}"
EndProject
Global
	GlobalSection(SolutionConfigurationPlatforms) = preSolution
		Debug|Any CPU = Debug|Any CPU
		Release|Any CPU = Release|Any CPU
	EndGlobalSection
	GlobalSection(ProjectConfigurationPlatforms) = postSolution
		{40BB1977-A5CB-45E3-999E-66A754DCE89C}.Debug|Any CPU.ActiveCfg = Debug|Any CPU
		{40BB1977-A5CB-45E3-999E-66A754DCE89C}.Debug|Any CPU.Build.0 = Debug|Any CPU
		{40BB1977-A5CB-45E3-999E-66A754DCE89C}.Release|Any CPU.ActiveCfg = Release|Any CPU
		{40BB1977-A5CB-45E3-999E-66A754DCE89C}.Release|Any CPU.Build.0 = Release|Any CPU
	EndGlobalSection
	GlobalSection(SolutionProperties) = preSolution
		HideSolutionNode = FALSE
	EndGlobalSection
	GlobalSection(ExtensibilityGlobals) = postSolution
		SolutionGuid = {3BF81637-1AD4-4976-9013-D367277A5306}
	EndGlobalSection
EndGlobal
