
Microsoft Visual Studio Solution File, Format Version 12.00
# Visual Studio Version 16
VisualStudioVersion = 16.0.32002.261
MinimumVisualStudioVersion = 10.0.40219.1
Project("{FAE04EC0-301F-11D3-BF4B-00C04F79EFBC}") = "37-XmlCreate", "37-XmlCreate\37-XmlCreate.csproj", "{F6148E26-D987-497B-A46F-D3E28E431315}"
EndProject
Global
	GlobalSection(SolutionConfigurationPlatforms) = preSolution
		Debug|Any CPU = Debug|Any CPU
		Release|Any CPU = Release|Any CPU
	EndGlobalSection
	GlobalSection(ProjectConfigurationPlatforms) = postSolution
		{F6148E26-D987-497B-A46F-D3E28E431315}.Debug|Any CPU.ActiveCfg = Debug|Any CPU
		{F6148E26-D987-497B-A46F-D3E28E431315}.Debug|Any CPU.Build.0 = Debug|Any CPU
		{F6148E26-D987-497B-A46F-D3E28E431315}.Release|Any CPU.ActiveCfg = Release|Any CPU
		{F6148E26-D987-497B-A46F-D3E28E431315}.Release|Any CPU.Build.0 = Release|Any CPU
	EndGlobalSection
	GlobalSection(SolutionProperties) = preSolution
		HideSolutionNode = FALSE
	EndGlobalSection
	GlobalSection(ExtensibilityGlobals) = postSolution
		SolutionGuid = {419AD94B-B303-4504-BBC8-C581E5BE971C}
	EndGlobalSection
EndGlobal
