
Microsoft Visual Studio Solution File, Format Version 12.00
# Visual Studio Version 16
VisualStudioVersion = 16.0.29306.81
MinimumVisualStudioVersion = 10.0.40219.1
Project("{FAE04EC0-301F-11D3-BF4B-00C04F79EFBC}") = "12-Polymorphism", "12-Polymorphism\12-Polymorphism.csproj", "{F7CFE831-1E62-4E0C-A646-A668EDFDCA4E}"
EndProject
Global
	GlobalSection(SolutionConfigurationPlatforms) = preSolution
		Debug|Any CPU = Debug|Any CPU
		Release|Any CPU = Release|Any CPU
	EndGlobalSection
	GlobalSection(ProjectConfigurationPlatforms) = postSolution
		{F7CFE831-1E62-4E0C-A646-A668EDFDCA4E}.Debug|Any CPU.ActiveCfg = Debug|Any CPU
		{F7CFE831-1E62-4E0C-A646-A668EDFDCA4E}.Debug|Any CPU.Build.0 = Debug|Any CPU
		{F7CFE831-1E62-4E0C-A646-A668EDFDCA4E}.Release|Any CPU.ActiveCfg = Release|Any CPU
		{F7CFE831-1E62-4E0C-A646-A668EDFDCA4E}.Release|Any CPU.Build.0 = Release|Any CPU
	EndGlobalSection
	GlobalSection(SolutionProperties) = preSolution
		HideSolutionNode = FALSE
	EndGlobalSection
	GlobalSection(ExtensibilityGlobals) = postSolution
		SolutionGuid = {DB083067-979B-400F-9659-D2702B5E1FD2}
	EndGlobalSection
EndGlobal
