
Microsoft Visual Studio Solution File, Format Version 12.00
# Visual Studio Version 16
VisualStudioVersion = 16.0.29306.81
MinimumVisualStudioVersion = 10.0.40219.1
Project("{FAE04EC0-301F-11D3-BF4B-00C04F79EFBC}") = "09-Property", "09-Property\09-Property.csproj", "{E22834B9-E530-44E3-9F86-66011833F7F3}"
EndProject
Global
	GlobalSection(SolutionConfigurationPlatforms) = preSolution
		Debug|Any CPU = Debug|Any CPU
		Release|Any CPU = Release|Any CPU
	EndGlobalSection
	GlobalSection(ProjectConfigurationPlatforms) = postSolution
		{E22834B9-E530-44E3-9F86-66011833F7F3}.Debug|Any CPU.ActiveCfg = Debug|Any CPU
		{E22834B9-E530-44E3-9F86-66011833F7F3}.Debug|Any CPU.Build.0 = Debug|Any CPU
		{E22834B9-E530-44E3-9F86-66011833F7F3}.Release|Any CPU.ActiveCfg = Release|Any CPU
		{E22834B9-E530-44E3-9F86-66011833F7F3}.Release|Any CPU.Build.0 = Release|Any CPU
	EndGlobalSection
	GlobalSection(SolutionProperties) = preSolution
		HideSolutionNode = FALSE
	EndGlobalSection
	GlobalSection(ExtensibilityGlobals) = postSolution
		SolutionGuid = {7163870E-7B22-4D1A-AA69-2C44E77394DA}
	EndGlobalSection
EndGlobal
