
Microsoft Visual Studio Solution File, Format Version 12.00
# Visual Studio 15
VisualStudioVersion = 15.0.28307.572
MinimumVisualStudioVersion = 10.0.40219.1
Project("{FAE04EC0-301F-11D3-BF4B-00C04F79EFBC}") = "47-Timer", "47-Timer\47-Timer.csproj", "{350B8E82-6264-4327-A392-973BC28D1225}"
EndProject
Global
	GlobalSection(SolutionConfigurationPlatforms) = preSolution
		Debug|Any CPU = Debug|Any CPU
		Release|Any CPU = Release|Any CPU
	EndGlobalSection
	GlobalSection(ProjectConfigurationPlatforms) = postSolution
		{350B8E82-6264-4327-A392-973BC28D1225}.Debug|Any CPU.ActiveCfg = Debug|Any CPU
		{350B8E82-6264-4327-A392-973BC28D1225}.Debug|Any CPU.Build.0 = Debug|Any CPU
		{350B8E82-6264-4327-A392-973BC28D1225}.Release|Any CPU.ActiveCfg = Release|Any CPU
		{350B8E82-6264-4327-A392-973BC28D1225}.Release|Any CPU.Build.0 = Release|Any CPU
	EndGlobalSection
	GlobalSection(SolutionProperties) = preSolution
		HideSolutionNode = FALSE
	EndGlobalSection
	GlobalSection(ExtensibilityGlobals) = postSolution
		SolutionGuid = {F1D13E0C-676E-4BB7-81B2-EF2CD6B3E034}
	EndGlobalSection
EndGlobal
